<?xml version="1.0" encoding="utf-8"?>
<Project ToolsVersion="4.0" xmlns="http://schemas.microsoft.com/developer/msbuild/2003">
  <ItemGroup>
    <Filter Include="Source Files">
      <UniqueIdentifier>{4FC737F1-C7A5-4376-A066-2A32D752A2FF}</UniqueIdentifier>
      <Extensions>cpp;c;cc;cxx;def;odl;idl;hpj;bat;asm;asmx</Extensions>
    </Filter>
    <Filter Include="Header Files">
      <UniqueIdentifier>{93995380-89BD-4b04-88EB-625FBE52EBFB}</UniqueIdentifier>
      <Extensions>h;hh;hpp;hxx;hm;inl;inc;xsd</Extensions>
    </Filter>
    <Filter Include="Resource Files">
      <UniqueIdentifier>{67DA6AB6-F800-4c08-8B7A-83BB121AAD01}</UniqueIdentifier>
      <Extensions>rc;ico;cur;bmp;dlg;rc2;rct;bin;rgs;gif;jpg;jpeg;jpe;resx;tiff;tif;png;wav;mfcribbon-ms</Extensions>
    </Filter>
    <Filter Include="Source Files\Classes">
      <UniqueIdentifier>{cb50d2d6-240a-4b24-ae6a-fd3a8f08ca32}</UniqueIdentifier>
    </Filter>
    <Filter Include="Source Files\Namespaces">
      <UniqueIdentifier>{db656e2b-42b7-4bfe-b94b-90367fc2c36f}</UniqueIdentifier>
    </Filter>
    <Filter Include="Header Files\Classes">
      <UniqueIdentifier>{c02b9993-14d3-4779-9531-c96e6cfb7542}</UniqueIdentifier>
    </Filter>
    <Filter Include="Header Files\Namespaces">
      <UniqueIdentifier>{e9692273-ad6b-49a1-862c-49704c5eb56a}</UniqueIdentifier>
    </Filter>
  </ItemGroup>
  <ItemGroup>
    <ClCompile Include="PongGameProject\Source Files\PongGame.cpp">
      <Filter>Source Files</Filter>
    </ClCompile>
    <ClCompile Include="PongGameProject\Source Files\Namespaces\Test.cpp">
      <Filter>Source Files\Namespaces</Filter>
    </ClCompile>
    <ClCompile Include="PongGameProject\Source Files\Namespaces\PuckCollisionDetection.cpp">
      <Filter>Source Files\Namespaces</Filter>
    </ClCompile>
    <ClCompile Include="PongGameProject\Source Files\Namespaces\GameController.cpp">
      <Filter>Source Files\Namespaces</Filter>
    </ClCompile>
    <ClCompile Include="PongGameProject\Source Files\Namespaces\AppInitializers.cpp">
      <Filter>Source Files\Namespaces</Filter>
    </ClCompile>
    <ClCompile Include="PongGameProject\Source Files\Namespaces\AppConsts.cpp">
      <Filter>Source Files\Namespaces</Filter>
    </ClCompile>
    <ClCompile Include="PongGameProject\Source Files\Classes\Vec2.cpp">
      <Filter>Source Files\Classes</Filter>
    </ClCompile>
    <ClCompile Include="PongGameProject\Source Files\Classes\SpriteWithoutMask.cpp">
      <Filter>Source Files\Classes</Filter>
    </ClCompile>
    <ClCompile Include="PongGameProject\Source Files\Classes\Sprite.cpp">
      <Filter>Source Files\Classes</Filter>
    </ClCompile>
    <ClCompile Include="PongGameProject\Source Files\Classes\HumanPlayer.cpp">
      <Filter>Source Files\Classes</Filter>
    </ClCompile>
    <ClCompile Include="PongGameProject\Source Files\Classes\Circle.cpp">
      <Filter>Source Files\Classes</Filter>
    </ClCompile>
    <ClCompile Include="PongGameProject\Source Files\Classes\BackBuffer.cpp">
      <Filter>Source Files\Classes</Filter>
    </ClCompile>
    <ClCompile Include="PongGameProject\Source Files\Classes\AIPlayer.cpp">
      <Filter>Source Files\Classes</Filter>
    </ClCompile>
    <ClCompile Include="PongGameProject\Source Files\Namespaces\MainMenuOperations.cpp">
      <Filter>Source Files\Namespaces</Filter>
    </ClCompile>
    <ClCompile Include="PongGameProject\Source Files\Classes\MenuItemSpriteWithoutMask.cpp">
      <Filter>Source Files\Classes</Filter>
    </ClCompile>
    <ClCompile Include="PongGameProject\Source Files\Classes\Player.cpp">
      <Filter>Source Files\Classes</Filter>
    </ClCompile>
  </ItemGroup>
  <ItemGroup>
    <ClInclude Include="PongGameProject\Header Files\Namespaces\Test.h">
      <Filter>Header Files\Namespaces</Filter>
    </ClInclude>
    <ClInclude Include="PongGameProject\Header Files\Namespaces\PuckCollisionDetection.h">
      <Filter>Header Files\Namespaces</Filter>
    </ClInclude>
    <ClInclude Include="PongGameProject\Header Files\Namespaces\GameController.h">
      <Filter>Header Files\Namespaces</Filter>
    </ClInclude>
    <ClInclude Include="PongGameProject\Header Files\Namespaces\AppInitializers.h">
      <Filter>Header Files\Namespaces</Filter>
    </ClInclude>
    <ClInclude Include="PongGameProject\Header Files\Namespaces\AppConsts.h">
      <Filter>Header Files\Namespaces</Filter>
    </ClInclude>
    <ClInclude Include="PongGameProject\Header Files\Classes\Vec2.h">
      <Filter>Header Files\Classes</Filter>
    </ClInclude>
    <ClInclude Include="PongGameProject\Header Files\Classes\SpriteWithoutMask.h">
      <Filter>Header Files\Classes</Filter>
    </ClInclude>
    <ClInclude Include="PongGameProject\Header Files\Classes\Sprite.h">
      <Filter>Header Files\Classes</Filter>
    </ClInclude>
    <ClInclude Include="PongGameProject\Header Files\Classes\HumanPlayer.h">
      <Filter>Header Files\Classes</Filter>
    </ClInclude>
    <ClInclude Include="PongGameProject\Header Files\Classes\Circle.h">
      <Filter>Header Files\Classes</Filter>
    </ClInclude>
    <ClInclude Include="PongGameProject\Header Files\Classes\BackBuffer.h">
      <Filter>Header Files\Classes</Filter>
    </ClInclude>
    <ClInclude Include="PongGameProject\Header Files\Classes\AIPlayer.h">
      <Filter>Header Files\Classes</Filter>
    </ClInclude>
    <ClInclude Include="PongGameProject\Header Files\Namespaces\MainMenuOperations.h">
      <Filter>Header Files\Namespaces</Filter>
    </ClInclude>
    <ClInclude Include="PongGameProject\Header Files\Classes\MenuItemSpriteWithoutMask.h">
      <Filter>Header Files\Classes</Filter>
    </ClInclude>
    <ClInclude Include="PongGameProject\Header Files\Classes\Player.h">
      <Filter>Header Files\Classes</Filter>
    </ClInclude>
    <ClInclude Include="PongGameProject\Header Files\resource2.h">
      <Filter>Header Files</Filter>
    </ClInclude>
  </ItemGroup>
  <ItemGroup>
    <Text Include="PongGameProject\Source Files\ProjectDescription.txt">
      <Filter>Source Files</Filter>
    </Text>
    <Text Include="PongGameProject\Source Files\TaskManagement.txt">
      <Filter>Source Files</Filter>
    </Text>
  </ItemGroup>
  <ItemGroup>
    <Image Include="PongGameProject\Resource Files\BlackBackground.bmp">
      <Filter>Resource Files</Filter>
    </Image>
    <Image Include="PongGameProject\Resource Files\MenuFrame.bmp">
      <Filter>Resource Files</Filter>
    </Image>
    <Image Include="PongGameProject\Resource Files\MenuCopyrights.bmp">
      <Filter>Resource Files</Filter>
    </Image>
    <Image Include="PongGameProject\Resource Files\ThePongGameLogo.bmp">
      <Filter>Resource Files</Filter>
    </Image>
    <Image Include="PongGameProject\Resource Files\MenuItemBack.bmp">
      <Filter>Resource Files</Filter>
    </Image>
    <Image Include="PongGameProject\Resource Files\MenuItemBackActive.bmp">
      <Filter>Resource Files</Filter>
    </Image>
    <Image Include="PongGameProject\Resource Files\MenuItemNewGame.bmp">
      <Filter>Resource Files</Filter>
    </Image>
    <Image Include="PongGameProject\Resource Files\MenuItemNewGameActive.bmp">
      <Filter>Resource Files</Filter>
    </Image>
    <Image Include="PongGameProject\Resource Files\MenuItemOptions.bmp">
      <Filter>Resource Files</Filter>
    </Image>
    <Image Include="PongGameProject\Resource Files\MenuItemOptionsActive.bmp">
      <Filter>Resource Files</Filter>
    </Image>
    <Image Include="PongGameProject\Resource Files\MenuItemCredits.bmp">
      <Filter>Resource Files</Filter>
    </Image>
    <Image Include="PongGameProject\Resource Files\MenuItemCreditsActive.bmp">
      <Filter>Resource Files</Filter>
    </Image>
    <Image Include="PongGameProject\Resource Files\MenuItemExitGame.bmp">
      <Filter>Resource Files</Filter>
    </Image>
    <Image Include="PongGameProject\Resource Files\MenuItemExitGameActive.bmp">
      <Filter>Resource Files</Filter>
    </Image>
    <Image Include="PongGameProject\Resource Files\MenuItemAIvsAI.bmp">
      <Filter>Resource Files</Filter>
    </Image>
    <Image Include="PongGameProject\Resource Files\MenuItemAIvsAIActive.bmp">
      <Filter>Resource Files</Filter>
    </Image>
    <Image Include="PongGameProject\Resource Files\MenuItemP1vsAI.bmp">
      <Filter>Resource Files</Filter>
    </Image>
    <Image Include="PongGameProject\Resource Files\MenuItemP1vsAIActive.bmp">
      <Filter>Resource Files</Filter>
    </Image>
    <Image Include="PongGameProject\Resource Files\MenuItemP1vsP2.bmp">
      <Filter>Resource Files</Filter>
    </Image>
    <Image Include="PongGameProject\Resource Files\MenuItemP1vsP2Active.bmp">
      <Filter>Resource Files</Filter>
    </Image>
    <Image Include="PongGameProject\Resource Files\MenuItemAIDifficulty.bmp">
      <Filter>Resource Files</Filter>
    </Image>
    <Image Include="PongGameProject\Resource Files\MenuItemEasy.bmp">
      <Filter>Resource Files</Filter>
    </Image>
    <Image Include="PongGameProject\Resource Files\MenuItemEasyActive.bmp">
      <Filter>Resource Files</Filter>
    </Image>
    <Image Include="PongGameProject\Resource Files\MenuItemMedium.bmp">
      <Filter>Resource Files</Filter>
    </Image>
    <Image Include="PongGameProject\Resource Files\MenuItemMediumActive.bmp">
      <Filter>Resource Files</Filter>
    </Image>
    <Image Include="PongGameProject\Resource Files\MenuItemHard.bmp">
      <Filter>Resource Files</Filter>
    </Image>
    <Image Include="PongGameProject\Resource Files\MenuItemHardActive.bmp">
      <Filter>Resource Files</Filter>
    </Image>
    <Image Include="PongGameProject\Resource Files\MenuItemChooseSide.bmp">
      <Filter>Resource Files</Filter>
    </Image>
    <Image Include="PongGameProject\Resource Files\MenuItemLeft.bmp">
      <Filter>Resource Files</Filter>
    </Image>
    <Image Include="PongGameProject\Resource Files\MenuItemLeftActive.bmp">
      <Filter>Resource Files</Filter>
    </Image>
    <Image Include="PongGameProject\Resource Files\MenuItemRight.bmp">
      <Filter>Resource Files</Filter>
    </Image>
    <Image Include="PongGameProject\Resource Files\MenuItemRightActive.bmp">
      <Filter>Resource Files</Filter>
    </Image>
    <Image Include="PongGameProject\Resource Files\MenuItemGameSpeed.bmp">
      <Filter>Resource Files</Filter>
    </Image>
    <Image Include="PongGameProject\Resource Files\MenuItemFast.bmp">
      <Filter>Resource Files</Filter>
    </Image>
    <Image Include="PongGameProject\Resource Files\MenuItemFastActive.bmp">
      <Filter>Resource Files</Filter>
    </Image>
    <Image Include="PongGameProject\Resource Files\MenuItemNormal.bmp">
      <Filter>Resource Files</Filter>
    </Image>
    <Image Include="PongGameProject\Resource Files\MenuItemNormalActive.bmp">
      <Filter>Resource Files</Filter>
    </Image>
    <Image Include="PongGameProject\Resource Files\MenuItemSlow.bmp">
      <Filter>Resource Files</Filter>
    </Image>
    <Image Include="PongGameProject\Resource Files\MenuItemSlowActive.bmp">
      <Filter>Resource Files</Filter>
    </Image>
    <Image Include="PongGameProject\Resource Files\CreditsText.bmp">
      <Filter>Resource Files</Filter>
    </Image>
    <Image Include="PongGameProject\Resource Files\Racket.bmp">
      <Filter>Resource Files</Filter>
    </Image>
    <Image Include="PongGameProject\Resource Files\HashLine.bmp">
      <Filter>Resource Files</Filter>
    </Image>
    <Image Include="PongGameProject\Resource Files\Ball.bmp">
      <Filter>Resource Files</Filter>
    </Image>
    <Image Include="PongGameProject\Resource Files\SpeedBoostPlusSign.bmp">
      <Filter>Resource Files</Filter>
    </Image>
    <Image Include="PongGameProject\Resource Files\MenuHowToPlay.bmp">
      <Filter>Resource Files</Filter>
    </Image>
    <Image Include="PongGameProject\Resource Files\F1HowToPlay.bmp">
      <Filter>Resource Files</Filter>
    </Image>
  </ItemGroup>
  <ItemGroup>
    <ResourceCompile Include="PongGameProject\Resource Files\PongGame.rc">
      <Filter>Resource Files</Filter>
    </ResourceCompile>
  </ItemGroup>
</Project>